
Microsoft Visual Studio Solution File, Format Version 12.00
# Visual Studio Version 17
VisualStudioVersion = 17.11.35327.3
MinimumVisualStudioVersion = 10.0.40219.1
Project("{FAE04EC0-301F-11D3-BF4B-00C04F79EFBC}") = "CustomORM", "CustomORM.csproj", "{678E6FE7-B411-49C9-81AD-38932994D3C7}"
EndProject
Global
	GlobalSection(SolutionConfigurationPlatforms) = preSolution
		Debug|Any CPU = Debug|Any CPU
		Release|Any CPU = Release|Any CPU
	EndGlobalSection
	GlobalSection(ProjectConfigurationPlatforms) = postSolution
		{678E6FE7-B411-49C9-81AD-38932994D3C7}.Debug|Any CPU.ActiveCfg = Debug|Any CPU
		{678E6FE7-B411-49C9-81AD-38932994D3C7}.Debug|Any CPU.Build.0 = Debug|Any CPU
		{678E6FE7-B411-49C9-81AD-38932994D3C7}.Release|Any CPU.ActiveCfg = Release|Any CPU
		{678E6FE7-B411-49C9-81AD-38932994D3C7}.Release|Any CPU.Build.0 = Release|Any CPU
	EndGlobalSection
	GlobalSection(SolutionProperties) = preSolution
		HideSolutionNode = FALSE
	EndGlobalSection
	GlobalSection(ExtensibilityGlobals) = postSolution
		SolutionGuid = {5016C47A-9249-43EC-902F-75056293B045}
	EndGlobalSection
EndGlobal
